
Microsoft Visual Studio Solution File, Format Version 11.00
# Visual Studio 2010
Project("{8BC9CEB8-8B4A-11D0-8D11-00A0C91BC942}") = "sne", "sne.vcxproj", "{A274D970-397B-4DBE-95ED-2D29E454BC60}"
	ProjectSection(ProjectDependencies) = postProject
		{66ACF11D-0CD8-412D-8FDC-86A91AC2C074} = {66ACF11D-0CD8-412D-8FDC-86A91AC2C074}
		{AFB4D978-E132-498A-A799-1A49BBCFDC9B} = {AFB4D978-E132-498A-A799-1A49BBCFDC9B}
		{BD2C98A0-1799-45FD-B631-22520F4B9FF6} = {BD2C98A0-1799-45FD-B631-22520F4B9FF6}
	EndProjectSection
EndProject
Project("{8BC9CEB8-8B4A-11D0-8D11-00A0C91BC942}") = "system", "..\system_VC2010\system.vcxproj", "{66ACF11D-0CD8-412D-8FDC-86A91AC2C074}"
EndProject
Project("{8BC9CEB8-8B4A-11D0-8D11-00A0C91BC942}") = "render3d", "..\render3d_VC2010\render3d.vcxproj", "{BD2C98A0-1799-45FD-B631-22520F4B9FF6}"
	ProjectSection(ProjectDependencies) = postProject
		{66ACF11D-0CD8-412D-8FDC-86A91AC2C074} = {66ACF11D-0CD8-412D-8FDC-86A91AC2C074}
	EndProjectSection
EndProject
Project("{8BC9CEB8-8B4A-11D0-8D11-00A0C91BC942}") = "engine3d", "..\engine3d_VC2010\engine3d.vcxproj", "{AFB4D978-E132-498A-A799-1A49BBCFDC9B}"
	ProjectSection(ProjectDependencies) = postProject
		{66ACF11D-0CD8-412D-8FDC-86A91AC2C074} = {66ACF11D-0CD8-412D-8FDC-86A91AC2C074}
		{BD2C98A0-1799-45FD-B631-22520F4B9FF6} = {BD2C98A0-1799-45FD-B631-22520F4B9FF6}
	EndProjectSection
EndProject
Global
	GlobalSection(SolutionConfigurationPlatforms) = preSolution
		Debug|Win32 = Debug|Win32
		Release|Win32 = Release|Win32
	EndGlobalSection
	GlobalSection(ProjectConfigurationPlatforms) = postSolution
		{A274D970-397B-4DBE-95ED-2D29E454BC60}.Debug|Win32.ActiveCfg = Debug|Win32
		{A274D970-397B-4DBE-95ED-2D29E454BC60}.Debug|Win32.Build.0 = Debug|Win32
		{A274D970-397B-4DBE-95ED-2D29E454BC60}.Release|Win32.ActiveCfg = Release|Win32
		{A274D970-397B-4DBE-95ED-2D29E454BC60}.Release|Win32.Build.0 = Release|Win32
		{66ACF11D-0CD8-412D-8FDC-86A91AC2C074}.Debug|Win32.ActiveCfg = Debug|Win32
		{66ACF11D-0CD8-412D-8FDC-86A91AC2C074}.Debug|Win32.Build.0 = Debug|Win32
		{66ACF11D-0CD8-412D-8FDC-86A91AC2C074}.Release|Win32.ActiveCfg = Release|Win32
		{66ACF11D-0CD8-412D-8FDC-86A91AC2C074}.Release|Win32.Build.0 = Release|Win32
		{BD2C98A0-1799-45FD-B631-22520F4B9FF6}.Debug|Win32.ActiveCfg = Debug|Win32
		{BD2C98A0-1799-45FD-B631-22520F4B9FF6}.Debug|Win32.Build.0 = Debug|Win32
		{BD2C98A0-1799-45FD-B631-22520F4B9FF6}.Release|Win32.ActiveCfg = Release|Win32
		{BD2C98A0-1799-45FD-B631-22520F4B9FF6}.Release|Win32.Build.0 = Release|Win32
		{AFB4D978-E132-498A-A799-1A49BBCFDC9B}.Debug|Win32.ActiveCfg = Debug|Win32
		{AFB4D978-E132-498A-A799-1A49BBCFDC9B}.Debug|Win32.Build.0 = Debug|Win32
		{AFB4D978-E132-498A-A799-1A49BBCFDC9B}.Release|Win32.ActiveCfg = Release|Win32
		{AFB4D978-E132-498A-A799-1A49BBCFDC9B}.Release|Win32.Build.0 = Release|Win32
	EndGlobalSection
	GlobalSection(SolutionProperties) = preSolution
		HideSolutionNode = FALSE
	EndGlobalSection
EndGlobal
