<?xml version="1.0" encoding="utf-8"?>
<Project ToolsVersion="4.0" xmlns="http://schemas.microsoft.com/developer/msbuild/2003">
  <ItemGroup>
    <Filter Include="Resource Files">
      <UniqueIdentifier>{67DA6AB6-F800-4c08-8B7A-83BB121AAD01}</UniqueIdentifier>
      <Extensions>rc;ico;cur;bmp;dlg;rc2;rct;bin;rgs;gif;jpg;jpeg;jpe;resx;tiff;tif;png;wav;mfcribbon-ms</Extensions>
    </Filter>
    <Filter Include="render">
      <UniqueIdentifier>{6772d0c1-7cd1-4472-94d6-a5785e3b87d7}</UniqueIdentifier>
    </Filter>
    <Filter Include="render\Source Files">
      <UniqueIdentifier>{4FC737F1-C7A5-4376-A066-2A32D752A2FF}</UniqueIdentifier>
      <Extensions>cpp;c;cc;cxx;def;odl;idl;hpj;bat;asm;asmx</Extensions>
    </Filter>
    <Filter Include="render\Source Files\primitives">
      <UniqueIdentifier>{5d3dbafe-78cf-46c7-8dd4-90504e6a849a}</UniqueIdentifier>
    </Filter>
    <Filter Include="render\Header Files">
      <UniqueIdentifier>{93995380-89BD-4b04-88EB-625FBE52EBFB}</UniqueIdentifier>
      <Extensions>h;hpp;hxx;hm;inl;inc;xsd</Extensions>
    </Filter>
    <Filter Include="renderdx9">
      <UniqueIdentifier>{343cfbbc-c551-4813-93b0-52121e922ca7}</UniqueIdentifier>
    </Filter>
    <Filter Include="renderdx9\include">
      <UniqueIdentifier>{ff713352-4f0f-43f3-bf4f-940ef28d9de6}</UniqueIdentifier>
    </Filter>
    <Filter Include="renderdx9\cpp">
      <UniqueIdentifier>{29e4e8d8-862d-4ce1-9b6d-36c9274bdfb9}</UniqueIdentifier>
    </Filter>
    <Filter Include="render\Header Files\font">
      <UniqueIdentifier>{0bec62aa-a0f7-405f-b83b-f4bbdd49684d}</UniqueIdentifier>
    </Filter>
    <Filter Include="render\Source Files\font">
      <UniqueIdentifier>{d5713679-1fbc-4f10-a775-1c9052045977}</UniqueIdentifier>
    </Filter>
    <Filter Include="render\Header Files\render">
      <UniqueIdentifier>{1f511cb3-c686-488b-a8ca-8549e923e07c}</UniqueIdentifier>
    </Filter>
    <Filter Include="render\Header Files\base">
      <UniqueIdentifier>{9ff60d1c-df2a-4b37-b69c-2cce0753a97b}</UniqueIdentifier>
    </Filter>
    <Filter Include="render\Source Files\render">
      <UniqueIdentifier>{a123cfc7-ad28-48de-92b7-d8f115a8ba70}</UniqueIdentifier>
    </Filter>
    <Filter Include="render\Header Files\resources">
      <UniqueIdentifier>{081672b1-3b06-48b6-b51d-b04895e3bc2e}</UniqueIdentifier>
    </Filter>
    <Filter Include="render\Header Files\light">
      <UniqueIdentifier>{4c37dec9-b38d-4ed0-b2bf-4e428c05c1b0}</UniqueIdentifier>
    </Filter>
    <Filter Include="render\Source Files\resources">
      <UniqueIdentifier>{89dcd037-f7c1-4ce2-9e9a-b8cd318d9127}</UniqueIdentifier>
    </Filter>
    <Filter Include="render\Source Files\lights">
      <UniqueIdentifier>{98ffb797-6f07-4904-b3cc-d5bf54476e52}</UniqueIdentifier>
    </Filter>
    <Filter Include="render\Header Files\resources\buffers">
      <UniqueIdentifier>{3aa21786-1404-4b03-bfc5-1f63a6925345}</UniqueIdentifier>
    </Filter>
    <Filter Include="render\Header Files\resources\msg">
      <UniqueIdentifier>{e6c38c12-bdba-451a-bf12-2f78870c40d7}</UniqueIdentifier>
    </Filter>
    <Filter Include="render\Header Files\resources\materials">
      <UniqueIdentifier>{f8f3462b-c9be-4163-8bd2-e0aaa7b24a19}</UniqueIdentifier>
    </Filter>
    <Filter Include="render\Header Files\resources\animation">
      <UniqueIdentifier>{3cf20694-a0fa-4927-b87c-a56ade7a617b}</UniqueIdentifier>
    </Filter>
    <Filter Include="render\Source Files\resources\animation">
      <UniqueIdentifier>{e16c6a6a-68b6-4e35-b309-5655f77ce412}</UniqueIdentifier>
    </Filter>
    <Filter Include="render\Source Files\resources\msg">
      <UniqueIdentifier>{15833414-0cc5-4fa0-8ea5-07a4c4d33c5f}</UniqueIdentifier>
    </Filter>
  </ItemGroup>
  <ItemGroup>
    <None Include="ReadMe.txt" />
    <None Include="..\..\render3d\include\rd3_render_str.inl">
      <Filter>render\Header Files\font</Filter>
    </None>
    <None Include="..\..\render3d\include\rd3_rstate.inl">
      <Filter>render\Header Files\render</Filter>
    </None>
    <None Include="..\..\render3d\include\rd3_types.inl">
      <Filter>render\Header Files\base</Filter>
    </None>
    <None Include="..\..\render3d\include\rd3_texture.inl">
      <Filter>render\Header Files\resources</Filter>
    </None>
    <None Include="..\..\render3d\include\rd3_resobj.inl">
      <Filter>render\Header Files\resources</Filter>
    </None>
    <None Include="..\..\render3d\include\rd3_lightpoint.inl">
      <Filter>render\Header Files\light</Filter>
    </None>
    <None Include="..\..\render3d\include\rd3_light.inl">
      <Filter>render\Header Files\light</Filter>
    </None>
    <None Include="..\..\render3d\include\rd3_effect.inl">
      <Filter>render\Header Files\resources</Filter>
    </None>
    <None Include="..\..\render3d\include\rd3_perf_counters.inl">
      <Filter>render\Header Files\base</Filter>
    </None>
    <None Include="..\..\render3d\include\rd3_cdata.inl">
      <Filter>render\Header Files\base</Filter>
    </None>
    <None Include="..\..\render3d\include\rd3_edata.inl">
      <Filter>render\Header Files\base</Filter>
    </None>
    <None Include="..\..\render3d\include\rd3_dvertexbuffer.inl">
      <Filter>render\Header Files\resources\buffers</Filter>
    </None>
    <None Include="..\..\render3d\include\rd3_material.inl">
      <Filter>render\Header Files\resources\materials</Filter>
    </None>
  </ItemGroup>
  <ItemGroup>
    <ClCompile Include="stdafx.cpp">
      <Filter>render\Source Files</Filter>
    </ClCompile>
    <ClCompile Include="..\..\render3d\cpp\rd3_create_rparam.cpp">
      <Filter>render\Source Files</Filter>
    </ClCompile>
    <ClCompile Include="..\..\render3d\cpp\rd3_def.cpp">
      <Filter>render\Source Files</Filter>
    </ClCompile>
    <ClCompile Include="..\..\render3d\cpp\rd3_edata.cpp">
      <Filter>render\Source Files</Filter>
    </ClCompile>
    <ClCompile Include="..\..\render3d\cpp\rd3_perf_counters.cpp">
      <Filter>render\Source Files</Filter>
    </ClCompile>
    <ClCompile Include="..\..\render3d\cpp\rd3_types.cpp">
      <Filter>render\Source Files</Filter>
    </ClCompile>
    <ClCompile Include="..\..\render3d\cpp\rd3_utils.cpp">
      <Filter>render\Source Files</Filter>
    </ClCompile>
    <ClCompile Include="..\..\render3d\cpp\rd3_xml_def.cpp">
      <Filter>render\Source Files</Filter>
    </ClCompile>
    <ClCompile Include="..\..\render3d\cpp\primitives\rd3_primitive.cpp">
      <Filter>render\Source Files\primitives</Filter>
    </ClCompile>
    <ClCompile Include="..\..\render3d\cpp\primitives\rd3_primitive_arrow.cpp">
      <Filter>render\Source Files\primitives</Filter>
    </ClCompile>
    <ClCompile Include="..\..\render3d\cpp\primitives\rd3_primitive_cone.cpp">
      <Filter>render\Source Files\primitives</Filter>
    </ClCompile>
    <ClCompile Include="..\..\render3d\cpp\primitives\rd3_primitive_sphere.cpp">
      <Filter>render\Source Files\primitives</Filter>
    </ClCompile>
    <ClCompile Include="..\..\render3d\cpp\primitives\rd3_primitive_torus.cpp">
      <Filter>render\Source Files\primitives</Filter>
    </ClCompile>
    <ClCompile Include="..\..\render3d\cpp\dx9\dx9_effect.cpp">
      <Filter>renderdx9\cpp</Filter>
    </ClCompile>
    <ClCompile Include="..\..\render3d\cpp\dx9\dx9_vertexbuffer.cpp">
      <Filter>renderdx9\cpp</Filter>
    </ClCompile>
    <ClCompile Include="..\..\render3d\cpp\dx9\dx9_indexbuffer.cpp">
      <Filter>renderdx9\cpp</Filter>
    </ClCompile>
    <ClCompile Include="..\..\render3d\cpp\dx9\dx9_render.cpp">
      <Filter>renderdx9\cpp</Filter>
    </ClCompile>
    <ClCompile Include="..\..\render3d\cpp\dx9\dx9_rstate.cpp">
      <Filter>renderdx9\cpp</Filter>
    </ClCompile>
    <ClCompile Include="..\..\render3d\cpp\dx9\dx9_texture.cpp">
      <Filter>renderdx9\cpp</Filter>
    </ClCompile>
    <ClCompile Include="..\..\render3d\cpp\rd3_font.cpp">
      <Filter>render\Source Files\font</Filter>
    </ClCompile>
    <ClCompile Include="..\..\render3d\cpp\rd3_font_sprite.cpp">
      <Filter>render\Source Files\font</Filter>
    </ClCompile>
    <ClCompile Include="..\..\render3d\cpp\rd3_register_types.cpp">
      <Filter>render\Source Files</Filter>
    </ClCompile>
    <ClCompile Include="..\..\render3d\cpp\rd3_render.cpp">
      <Filter>render\Source Files\render</Filter>
    </ClCompile>
    <ClCompile Include="..\..\render3d\cpp\rd3_rstate.cpp">
      <Filter>render\Source Files\render</Filter>
    </ClCompile>
    <ClCompile Include="..\..\render3d\cpp\rd3_material.cpp">
      <Filter>render\Source Files\resources</Filter>
    </ClCompile>
    <ClCompile Include="..\..\render3d\cpp\rd3_material_texture.cpp">
      <Filter>render\Source Files\resources</Filter>
    </ClCompile>
    <ClCompile Include="..\..\render3d\cpp\rd3_material_flatcolor.cpp">
      <Filter>render\Source Files\resources</Filter>
    </ClCompile>
    <ClCompile Include="..\..\render3d\cpp\rd3_material_solid.cpp">
      <Filter>render\Source Files\resources</Filter>
    </ClCompile>
    <ClCompile Include="..\..\render3d\cpp\rd3_effect.cpp">
      <Filter>render\Source Files\resources</Filter>
    </ClCompile>
    <ClCompile Include="..\..\render3d\cpp\rd3_indexbuffer.cpp">
      <Filter>render\Source Files\resources</Filter>
    </ClCompile>
    <ClCompile Include="..\..\render3d\cpp\rd3_after_effect.cpp">
      <Filter>render\Source Files\resources</Filter>
    </ClCompile>
    <ClCompile Include="..\..\render3d\cpp\rd3_resobj.cpp">
      <Filter>render\Source Files\resources</Filter>
    </ClCompile>
    <ClCompile Include="..\..\render3d\cpp\rd3_texture.cpp">
      <Filter>render\Source Files\resources</Filter>
    </ClCompile>
    <ClCompile Include="..\..\render3d\cpp\rd3_vertexbuffer.cpp">
      <Filter>render\Source Files\resources</Filter>
    </ClCompile>
    <ClCompile Include="..\..\render3d\cpp\rd3_mesh.cpp">
      <Filter>render\Source Files\resources</Filter>
    </ClCompile>
    <ClCompile Include="..\..\render3d\cpp\rd3_light.cpp">
      <Filter>render\Source Files\lights</Filter>
    </ClCompile>
    <ClCompile Include="..\..\render3d\cpp\rd3_lightpoint.cpp">
      <Filter>render\Source Files\lights</Filter>
    </ClCompile>
    <ClCompile Include="..\..\render3d\cpp\rd3_light_sel.cpp">
      <Filter>render\Source Files\lights</Filter>
    </ClCompile>
    <ClCompile Include="..\..\render3d\cpp\rd3_resloader.cpp">
      <Filter>render\Source Files</Filter>
    </ClCompile>
    <ClCompile Include="..\..\render3d\cpp\rd3_dvertexbuffer.cpp">
      <Filter>render\Source Files\resources</Filter>
    </ClCompile>
    <ClCompile Include="..\..\render3d\cpp\dx9\dx9_dvertexbuffer.cpp">
      <Filter>renderdx9\cpp</Filter>
    </ClCompile>
    <ClCompile Include="..\..\render3d\cpp\dx9\dx9_msg_keyboardq.cpp">
      <Filter>renderdx9\cpp</Filter>
    </ClCompile>
    <ClCompile Include="..\..\render3d\cpp\rd3_animation.cpp">
      <Filter>render\Source Files\resources\animation</Filter>
    </ClCompile>
    <ClCompile Include="..\..\render3d\cpp\rd3_animation_fun.cpp">
      <Filter>render\Source Files\resources\animation</Filter>
    </ClCompile>
    <ClCompile Include="..\..\render3d\cpp\dx9\dx9_msg_gestureq.cpp">
      <Filter>renderdx9\cpp</Filter>
    </ClCompile>
    <ClCompile Include="..\..\render3d\cpp\rd3_msg_gesture.cpp">
      <Filter>render\Source Files\resources\msg</Filter>
    </ClCompile>
    <ClCompile Include="..\..\render3d\cpp\rd3_msg_gesture_detect.cpp">
      <Filter>render\Source Files\resources\msg</Filter>
    </ClCompile>
  </ItemGroup>
  <ItemGroup>
    <ClInclude Include="..\..\render3d\include\rd3_utils.h">
      <Filter>render\Header Files</Filter>
    </ClInclude>
    <ClInclude Include="..\..\render3d\include\rd3_xml_def.h">
      <Filter>render\Header Files</Filter>
    </ClInclude>
    <ClInclude Include="..\..\render3d\include\rd3afx.h">
      <Filter>render\Header Files</Filter>
    </ClInclude>
    <ClInclude Include="..\..\render3d\include\dx9\dx9_conf.h">
      <Filter>renderdx9\include</Filter>
    </ClInclude>
    <ClInclude Include="..\..\render3d\include\dx9\dx9_defs.h">
      <Filter>renderdx9\include</Filter>
    </ClInclude>
    <ClInclude Include="..\..\render3d\include\dx9\dx9_effect.h">
      <Filter>renderdx9\include</Filter>
    </ClInclude>
    <ClInclude Include="..\..\render3d\include\dx9\dx9_indexbuffer.h">
      <Filter>renderdx9\include</Filter>
    </ClInclude>
    <ClInclude Include="..\..\render3d\include\dx9\dx9_render.h">
      <Filter>renderdx9\include</Filter>
    </ClInclude>
    <ClInclude Include="..\..\render3d\include\dx9\dx9_rstate.h">
      <Filter>renderdx9\include</Filter>
    </ClInclude>
    <ClInclude Include="..\..\render3d\include\dx9\dx9_texture.h">
      <Filter>renderdx9\include</Filter>
    </ClInclude>
    <ClInclude Include="..\..\render3d\include\dx9\dx9_types.h">
      <Filter>renderdx9\include</Filter>
    </ClInclude>
    <ClInclude Include="..\..\render3d\include\dx9\dx9_vertexbuffer.h">
      <Filter>renderdx9\include</Filter>
    </ClInclude>
    <ClInclude Include="..\..\render3d\include\rd3_font.h">
      <Filter>render\Header Files\font</Filter>
    </ClInclude>
    <ClInclude Include="..\..\render3d\include\rd3_font_sprite.h">
      <Filter>render\Header Files\font</Filter>
    </ClInclude>
    <ClInclude Include="..\..\render3d\include\rd3_render_str.h">
      <Filter>render\Header Files\font</Filter>
    </ClInclude>
    <ClInclude Include="..\..\render3d\include\rd3_render.h">
      <Filter>render\Header Files\render</Filter>
    </ClInclude>
    <ClInclude Include="..\..\render3d\include\rd3_rstate.h">
      <Filter>render\Header Files\render</Filter>
    </ClInclude>
    <ClInclude Include="..\..\render3d\include\rd3_types.h">
      <Filter>render\Header Files\base</Filter>
    </ClInclude>
    <ClInclude Include="..\..\render3d\include\rd3_texture.h">
      <Filter>render\Header Files\resources</Filter>
    </ClInclude>
    <ClInclude Include="..\..\render3d\include\rd3_resobj.h">
      <Filter>render\Header Files\resources</Filter>
    </ClInclude>
    <ClInclude Include="..\..\render3d\include\rd3_mesh.h">
      <Filter>render\Header Files\resources</Filter>
    </ClInclude>
    <ClInclude Include="..\..\render3d\include\rd3_conf.h">
      <Filter>render\Header Files\base</Filter>
    </ClInclude>
    <ClInclude Include="..\..\render3d\include\rd3_after_effect.h">
      <Filter>render\Header Files\resources</Filter>
    </ClInclude>
    <ClInclude Include="..\..\render3d\include\rd3_light.h">
      <Filter>render\Header Files\light</Filter>
    </ClInclude>
    <ClInclude Include="..\..\render3d\include\rd3_light_sel.h">
      <Filter>render\Header Files\light</Filter>
    </ClInclude>
    <ClInclude Include="..\..\render3d\include\rd3_lightpoint.h">
      <Filter>render\Header Files\light</Filter>
    </ClInclude>
    <ClInclude Include="..\..\render3d\include\rd3_effect.h">
      <Filter>render\Header Files\resources</Filter>
    </ClInclude>
    <ClInclude Include="..\..\render3d\include\rd3_perf_counters.h">
      <Filter>render\Header Files\base</Filter>
    </ClInclude>
    <ClInclude Include="..\..\render3d\include\rd3.h">
      <Filter>render\Header Files\base</Filter>
    </ClInclude>
    <ClInclude Include="..\..\render3d\include\rd3_cdata.h">
      <Filter>render\Header Files\base</Filter>
    </ClInclude>
    <ClInclude Include="..\..\render3d\include\rd3_create_rparam.h">
      <Filter>render\Header Files\base</Filter>
    </ClInclude>
    <ClInclude Include="..\..\render3d\include\rd3_def.h">
      <Filter>render\Header Files\base</Filter>
    </ClInclude>
    <ClInclude Include="..\..\render3d\include\rd3_edata.h">
      <Filter>render\Header Files\base</Filter>
    </ClInclude>
    <ClInclude Include="..\..\render3d\include\rd3_resloader.h">
      <Filter>render\Header Files\base</Filter>
    </ClInclude>
    <ClInclude Include="..\..\render3d\include\rd3_resloadparams.h">
      <Filter>render\Header Files\base</Filter>
    </ClInclude>
    <ClInclude Include="..\..\render3d\include\rd3_dvertexbuffer.h">
      <Filter>render\Header Files\resources\buffers</Filter>
    </ClInclude>
    <ClInclude Include="..\..\render3d\include\rd3_indexbuffer.h">
      <Filter>render\Header Files\resources\buffers</Filter>
    </ClInclude>
    <ClInclude Include="..\..\render3d\include\rd3_vertexbuffer.h">
      <Filter>render\Header Files\resources\buffers</Filter>
    </ClInclude>
    <ClInclude Include="..\..\render3d\include\dx9\dx9_dvertexbuffer.h">
      <Filter>renderdx9\include</Filter>
    </ClInclude>
    <ClInclude Include="..\..\render3d\include\dx9\dx9_vutil.h">
      <Filter>renderdx9\include</Filter>
    </ClInclude>
    <ClInclude Include="..\..\render3d\include\rd3_msg.h">
      <Filter>render\Header Files\resources\msg</Filter>
    </ClInclude>
    <ClInclude Include="..\..\render3d\include\rd3_msg_gestureq.h">
      <Filter>render\Header Files\resources\msg</Filter>
    </ClInclude>
    <ClInclude Include="..\..\render3d\include\rd3_msg_gesture.h">
      <Filter>render\Header Files\resources\msg</Filter>
    </ClInclude>
    <ClInclude Include="..\..\render3d\include\rd3_msg_keyboard.h">
      <Filter>render\Header Files\resources\msg</Filter>
    </ClInclude>
    <ClInclude Include="..\..\render3d\include\rd3_msg_keyboardq.h">
      <Filter>render\Header Files\resources\msg</Filter>
    </ClInclude>
    <ClInclude Include="..\..\render3d\include\dx9\dx9_msg_keyboardq.h">
      <Filter>renderdx9\include</Filter>
    </ClInclude>
    <ClInclude Include="..\..\render3d\include\rd3_animation.h">
      <Filter>render\Header Files\resources\animation</Filter>
    </ClInclude>
    <ClInclude Include="..\..\render3d\include\rd3_animation_fun.h">
      <Filter>render\Header Files\resources\animation</Filter>
    </ClInclude>
    <ClInclude Include="..\..\render3d\include\rd3_material.h">
      <Filter>render\Header Files\resources\materials</Filter>
    </ClInclude>
    <ClInclude Include="..\..\render3d\include\rd3_material_texture.h">
      <Filter>render\Header Files\resources\materials</Filter>
    </ClInclude>
    <ClInclude Include="..\..\render3d\include\rd3_material_flatcolor.h">
      <Filter>render\Header Files\resources\materials</Filter>
    </ClInclude>
    <ClInclude Include="..\..\render3d\include\rd3_material_solid.h">
      <Filter>render\Header Files\resources\materials</Filter>
    </ClInclude>
    <ClInclude Include="..\..\render3d\include\dx9\dx9_msg_gestureq.h">
      <Filter>renderdx9\include</Filter>
    </ClInclude>
    <ClInclude Include="..\..\render3d\include\rd3_msg_gesture_detect.h">
      <Filter>render\Header Files\resources\msg</Filter>
    </ClInclude>
  </ItemGroup>
</Project>