<?xml version="1.0" encoding="utf-8"?>
<Project ToolsVersion="4.0" xmlns="http://schemas.microsoft.com/developer/msbuild/2003">
  <ItemGroup>
    <Filter Include="engine">
      <UniqueIdentifier>{7756e88f-b9c0-44d1-ac07-466fb2e8d5ab}</UniqueIdentifier>
    </Filter>
    <Filter Include="engine\Source Files">
      <UniqueIdentifier>{4FC737F1-C7A5-4376-A066-2A32D752A2FF}</UniqueIdentifier>
      <Extensions>cpp;c;cc;cxx;def;odl;idl;hpj;bat;asm;asmx</Extensions>
    </Filter>
    <Filter Include="engine\Resource Files">
      <UniqueIdentifier>{67DA6AB6-F800-4c08-8B7A-83BB121AAD01}</UniqueIdentifier>
      <Extensions>rc;ico;cur;bmp;dlg;rc2;rct;bin;rgs;gif;jpg;jpeg;jpe;resx;tiff;tif;png;wav;mfcribbon-ms</Extensions>
    </Filter>
    <Filter Include="engine\Header Files">
      <UniqueIdentifier>{93995380-89BD-4b04-88EB-625FBE52EBFB}</UniqueIdentifier>
      <Extensions>h;hpp;hxx;hm;inl;inc;xsd</Extensions>
    </Filter>
    <Filter Include="external">
      <UniqueIdentifier>{b9c99fdf-e67f-49fd-95b0-237bd8ff53d1}</UniqueIdentifier>
    </Filter>
    <Filter Include="external\lua">
      <UniqueIdentifier>{6067ae8e-5041-4a5d-8f2c-de8703969d21}</UniqueIdentifier>
    </Filter>
    <Filter Include="external\bullet">
      <UniqueIdentifier>{5d048bcd-e746-4d74-beba-d9f69821f301}</UniqueIdentifier>
    </Filter>
    <Filter Include="external\bullet\LinearMath">
      <UniqueIdentifier>{c220111f-b16a-492a-9df0-98e8de1a7666}</UniqueIdentifier>
    </Filter>
    <Filter Include="external\bullet\BulletCollision">
      <UniqueIdentifier>{3b058271-bf98-40c9-9ffa-df3247930d06}</UniqueIdentifier>
    </Filter>
    <Filter Include="external\bullet\BulletDynamics">
      <UniqueIdentifier>{274b948d-fde3-4dfe-9a7e-94a74ae1033b}</UniqueIdentifier>
    </Filter>
    <Filter Include="external\bullet\BulletCollision\NarrowPhaseCollision">
      <UniqueIdentifier>{7cb5bfdd-66b1-42a6-b6f0-3d78bc2ce6cc}</UniqueIdentifier>
    </Filter>
    <Filter Include="engine\Source Files\object">
      <UniqueIdentifier>{2eab5845-c90c-423a-882d-1443fa013557}</UniqueIdentifier>
    </Filter>
  </ItemGroup>
  <ItemGroup>
    <None Include="ReadMe.txt" />
    <None Include="..\..\engine3d\include\ed3_object.inl">
      <Filter>engine\Header Files</Filter>
    </None>
    <None Include="..\..\engine3d\include\ed3_physics_shape.inl">
      <Filter>engine\Header Files</Filter>
    </None>
  </ItemGroup>
  <ItemGroup>
    <ClCompile Include="stdafx.cpp">
      <Filter>engine\Source Files</Filter>
    </ClCompile>
    <ClCompile Include="..\..\engine3d\cpp\ed3_cont_object.cpp">
      <Filter>engine\Source Files</Filter>
    </ClCompile>
    <ClCompile Include="..\..\engine3d\cpp\ed3_edata.cpp">
      <Filter>engine\Source Files</Filter>
    </ClCompile>
    <ClCompile Include="..\..\engine3d\cpp\ed3_engine.cpp">
      <Filter>engine\Source Files</Filter>
    </ClCompile>
    <ClCompile Include="..\..\engine3d\cpp\ed3_lua.cpp">
      <Filter>engine\Source Files</Filter>
    </ClCompile>
    <ClCompile Include="..\..\engine3d\cpp\ed3_obj_cam_gest.cpp">
      <Filter>engine\Source Files</Filter>
    </ClCompile>
    <ClCompile Include="..\..\engine3d\cpp\ed3_obj_class.cpp">
      <Filter>engine\Source Files</Filter>
    </ClCompile>
    <ClCompile Include="..\..\engine3d\cpp\ed3_obj_factory.cpp">
      <Filter>engine\Source Files</Filter>
    </ClCompile>
    <ClCompile Include="..\..\engine3d\cpp\ed3_obj_fire.cpp">
      <Filter>engine\Source Files</Filter>
    </ClCompile>
    <ClCompile Include="..\..\engine3d\cpp\ed3_obj_mesh.cpp">
      <Filter>engine\Source Files</Filter>
    </ClCompile>
    <ClCompile Include="..\..\engine3d\cpp\ed3_obj_texture.cpp">
      <Filter>engine\Source Files</Filter>
    </ClCompile>
    <ClCompile Include="..\..\engine3d\cpp\ed3_physics_shape.cpp">
      <Filter>engine\Source Files</Filter>
    </ClCompile>
    <ClCompile Include="..\..\engine3d\cpp\ed3_physics_shapes.cpp">
      <Filter>engine\Source Files</Filter>
    </ClCompile>
    <ClCompile Include="..\..\engine3d\cpp\ed3_physics_world.cpp">
      <Filter>engine\Source Files</Filter>
    </ClCompile>
    <ClCompile Include="..\..\engine3d\cpp\ed3_prerender.cpp">
      <Filter>engine\Source Files</Filter>
    </ClCompile>
    <ClCompile Include="..\..\engine3d\cpp\ed3_primitive_lua.cpp">
      <Filter>engine\Source Files</Filter>
    </ClCompile>
    <ClCompile Include="..\..\engine3d\cpp\ed3_rdata.cpp">
      <Filter>engine\Source Files</Filter>
    </ClCompile>
    <ClCompile Include="..\..\engine3d\cpp\ed3_world.cpp">
      <Filter>engine\Source Files</Filter>
    </ClCompile>
    <ClCompile Include="..\..\external\lua\lapi.c">
      <Filter>external\lua</Filter>
    </ClCompile>
    <ClCompile Include="..\..\external\lua\lauxlib.c">
      <Filter>external\lua</Filter>
    </ClCompile>
    <ClCompile Include="..\..\external\lua\lbaselib.c">
      <Filter>external\lua</Filter>
    </ClCompile>
    <ClCompile Include="..\..\external\lua\lbitlib.c">
      <Filter>external\lua</Filter>
    </ClCompile>
    <ClCompile Include="..\..\external\lua\lcode.c">
      <Filter>external\lua</Filter>
    </ClCompile>
    <ClCompile Include="..\..\external\lua\lcorolib.c">
      <Filter>external\lua</Filter>
    </ClCompile>
    <ClCompile Include="..\..\external\lua\lctype.c">
      <Filter>external\lua</Filter>
    </ClCompile>
    <ClCompile Include="..\..\external\lua\ldblib.c">
      <Filter>external\lua</Filter>
    </ClCompile>
    <ClCompile Include="..\..\external\lua\ldebug.c">
      <Filter>external\lua</Filter>
    </ClCompile>
    <ClCompile Include="..\..\external\lua\ldo.c">
      <Filter>external\lua</Filter>
    </ClCompile>
    <ClCompile Include="..\..\external\lua\ldump.c">
      <Filter>external\lua</Filter>
    </ClCompile>
    <ClCompile Include="..\..\external\lua\lfunc.c">
      <Filter>external\lua</Filter>
    </ClCompile>
    <ClCompile Include="..\..\external\lua\lgc.c">
      <Filter>external\lua</Filter>
    </ClCompile>
    <ClCompile Include="..\..\external\lua\linit.c">
      <Filter>external\lua</Filter>
    </ClCompile>
    <ClCompile Include="..\..\external\lua\liolib.c">
      <Filter>external\lua</Filter>
    </ClCompile>
    <ClCompile Include="..\..\external\lua\llex.c">
      <Filter>external\lua</Filter>
    </ClCompile>
    <ClCompile Include="..\..\external\lua\lmathlib.c">
      <Filter>external\lua</Filter>
    </ClCompile>
    <ClCompile Include="..\..\external\lua\lmem.c">
      <Filter>external\lua</Filter>
    </ClCompile>
    <ClCompile Include="..\..\external\lua\loadlib.c">
      <Filter>external\lua</Filter>
    </ClCompile>
    <ClCompile Include="..\..\external\lua\lobject.c">
      <Filter>external\lua</Filter>
    </ClCompile>
    <ClCompile Include="..\..\external\lua\lopcodes.c">
      <Filter>external\lua</Filter>
    </ClCompile>
    <ClCompile Include="..\..\external\lua\loslib.c">
      <Filter>external\lua</Filter>
    </ClCompile>
    <ClCompile Include="..\..\external\lua\lparser.c">
      <Filter>external\lua</Filter>
    </ClCompile>
    <ClCompile Include="..\..\external\lua\lstate.c">
      <Filter>external\lua</Filter>
    </ClCompile>
    <ClCompile Include="..\..\external\lua\lstring.c">
      <Filter>external\lua</Filter>
    </ClCompile>
    <ClCompile Include="..\..\external\lua\lstrlib.c">
      <Filter>external\lua</Filter>
    </ClCompile>
    <ClCompile Include="..\..\external\lua\ltable.c">
      <Filter>external\lua</Filter>
    </ClCompile>
    <ClCompile Include="..\..\external\lua\ltablib.c">
      <Filter>external\lua</Filter>
    </ClCompile>
    <ClCompile Include="..\..\external\lua\ltm.c">
      <Filter>external\lua</Filter>
    </ClCompile>
    <ClCompile Include="..\..\external\lua\lua.c">
      <Filter>external\lua</Filter>
    </ClCompile>
    <ClCompile Include="..\..\external\lua\lundump.c">
      <Filter>external\lua</Filter>
    </ClCompile>
    <ClCompile Include="..\..\external\lua\lvm.c">
      <Filter>external\lua</Filter>
    </ClCompile>
    <ClCompile Include="..\..\external\lua\lzio.c">
      <Filter>external\lua</Filter>
    </ClCompile>
    <ClCompile Include="..\..\external\bulet\LinearMath\btAlignedAllocator.cpp">
      <Filter>external\bullet\LinearMath</Filter>
    </ClCompile>
    <ClCompile Include="..\..\external\bulet\LinearMath\btConvexHull.cpp">
      <Filter>external\bullet\LinearMath</Filter>
    </ClCompile>
    <ClCompile Include="..\..\external\bulet\LinearMath\btConvexHullComputer.cpp">
      <Filter>external\bullet\LinearMath</Filter>
    </ClCompile>
    <ClCompile Include="..\..\external\bulet\LinearMath\btGeometryUtil.cpp">
      <Filter>external\bullet\LinearMath</Filter>
    </ClCompile>
    <ClCompile Include="..\..\external\bulet\LinearMath\btQuickprof.cpp">
      <Filter>external\bullet\LinearMath</Filter>
    </ClCompile>
    <ClCompile Include="..\..\external\bulet\LinearMath\btSerializer.cpp">
      <Filter>external\bullet\LinearMath</Filter>
    </ClCompile>
    <ClCompile Include="..\..\external\bulet\BulletDynamics\Dynamics\btDiscreteDynamicsWorld.cpp">
      <Filter>external\bullet\BulletDynamics</Filter>
    </ClCompile>
    <ClCompile Include="..\..\external\bulet\BulletDynamics\Dynamics\btSimpleDynamicsWorld.cpp">
      <Filter>external\bullet\BulletDynamics</Filter>
    </ClCompile>
    <ClCompile Include="..\..\external\bulet\BulletDynamics\Dynamics\btRigidBody.cpp">
      <Filter>external\bullet\BulletDynamics</Filter>
    </ClCompile>
    <ClCompile Include="..\..\external\bulet\BulletDynamics\ConstraintSolver\btConeTwistConstraint.cpp">
      <Filter>external\bullet\BulletDynamics</Filter>
    </ClCompile>
    <ClCompile Include="..\..\external\bulet\BulletDynamics\ConstraintSolver\btContactConstraint.cpp">
      <Filter>external\bullet\BulletDynamics</Filter>
    </ClCompile>
    <ClCompile Include="..\..\external\bulet\BulletDynamics\ConstraintSolver\btGeneric6DofConstraint.cpp">
      <Filter>external\bullet\BulletDynamics</Filter>
    </ClCompile>
    <ClCompile Include="..\..\external\bulet\BulletDynamics\ConstraintSolver\btGeneric6DofSpringConstraint.cpp">
      <Filter>external\bullet\BulletDynamics</Filter>
    </ClCompile>
    <ClCompile Include="..\..\external\bulet\BulletDynamics\ConstraintSolver\btHinge2Constraint.cpp">
      <Filter>external\bullet\BulletDynamics</Filter>
    </ClCompile>
    <ClCompile Include="..\..\external\bulet\BulletDynamics\ConstraintSolver\btHingeConstraint.cpp">
      <Filter>external\bullet\BulletDynamics</Filter>
    </ClCompile>
    <ClCompile Include="..\..\external\bulet\BulletDynamics\ConstraintSolver\btPoint2PointConstraint.cpp">
      <Filter>external\bullet\BulletDynamics</Filter>
    </ClCompile>
    <ClCompile Include="..\..\external\bulet\BulletDynamics\ConstraintSolver\btSequentialImpulseConstraintSolver.cpp">
      <Filter>external\bullet\BulletDynamics</Filter>
    </ClCompile>
    <ClCompile Include="..\..\external\bulet\BulletDynamics\ConstraintSolver\btSliderConstraint.cpp">
      <Filter>external\bullet\BulletDynamics</Filter>
    </ClCompile>
    <ClCompile Include="..\..\external\bulet\BulletDynamics\ConstraintSolver\btSolve2LinearConstraint.cpp">
      <Filter>external\bullet\BulletDynamics</Filter>
    </ClCompile>
    <ClCompile Include="..\..\external\bulet\BulletDynamics\ConstraintSolver\btTypedConstraint.cpp">
      <Filter>external\bullet\BulletDynamics</Filter>
    </ClCompile>
    <ClCompile Include="..\..\external\bulet\BulletDynamics\ConstraintSolver\btUniversalConstraint.cpp">
      <Filter>external\bullet\BulletDynamics</Filter>
    </ClCompile>
    <ClCompile Include="..\..\external\bulet\BulletCollision\BroadphaseCollision\btAxisSweep3.cpp">
      <Filter>external\bullet\BulletCollision</Filter>
    </ClCompile>
    <ClCompile Include="..\..\external\bulet\BulletCollision\BroadphaseCollision\btBroadphaseProxy.cpp">
      <Filter>external\bullet\BulletCollision</Filter>
    </ClCompile>
    <ClCompile Include="..\..\external\bulet\BulletCollision\BroadphaseCollision\btCollisionAlgorithm.cpp">
      <Filter>external\bullet\BulletCollision</Filter>
    </ClCompile>
    <ClCompile Include="..\..\external\bulet\BulletCollision\BroadphaseCollision\btDbvt.cpp">
      <Filter>external\bullet\BulletCollision</Filter>
    </ClCompile>
    <ClCompile Include="..\..\external\bulet\BulletCollision\BroadphaseCollision\btDbvtBroadphase.cpp">
      <Filter>external\bullet\BulletCollision</Filter>
    </ClCompile>
    <ClCompile Include="..\..\external\bulet\BulletCollision\BroadphaseCollision\btDispatcher.cpp">
      <Filter>external\bullet\BulletCollision</Filter>
    </ClCompile>
    <ClCompile Include="..\..\external\bulet\BulletCollision\BroadphaseCollision\btMultiSapBroadphase.cpp">
      <Filter>external\bullet\BulletCollision</Filter>
    </ClCompile>
    <ClCompile Include="..\..\external\bulet\BulletCollision\BroadphaseCollision\btOverlappingPairCache.cpp">
      <Filter>external\bullet\BulletCollision</Filter>
    </ClCompile>
    <ClCompile Include="..\..\external\bulet\BulletCollision\BroadphaseCollision\btQuantizedBvh.cpp">
      <Filter>external\bullet\BulletCollision</Filter>
    </ClCompile>
    <ClCompile Include="..\..\external\bulet\BulletCollision\BroadphaseCollision\btSimpleBroadphase.cpp">
      <Filter>external\bullet\BulletCollision</Filter>
    </ClCompile>
    <ClCompile Include="..\..\external\bulet\BulletCollision\CollisionDispatch\btActivatingCollisionAlgorithm.cpp">
      <Filter>external\bullet\BulletCollision</Filter>
    </ClCompile>
    <ClCompile Include="..\..\external\bulet\BulletCollision\CollisionDispatch\btBox2dBox2dCollisionAlgorithm.cpp">
      <Filter>external\bullet\BulletCollision</Filter>
    </ClCompile>
    <ClCompile Include="..\..\external\bulet\BulletCollision\CollisionDispatch\btBoxBoxCollisionAlgorithm.cpp">
      <Filter>external\bullet\BulletCollision</Filter>
    </ClCompile>
    <ClCompile Include="..\..\external\bulet\BulletCollision\CollisionDispatch\btBoxBoxDetector.cpp">
      <Filter>external\bullet\BulletCollision</Filter>
    </ClCompile>
    <ClCompile Include="..\..\external\bulet\BulletCollision\CollisionDispatch\btCollisionDispatcher.cpp">
      <Filter>external\bullet\BulletCollision</Filter>
    </ClCompile>
    <ClCompile Include="..\..\external\bulet\BulletCollision\CollisionDispatch\btCollisionObject.cpp">
      <Filter>external\bullet\BulletCollision</Filter>
    </ClCompile>
    <ClCompile Include="..\..\external\bulet\BulletCollision\CollisionDispatch\btCollisionWorld.cpp">
      <Filter>external\bullet\BulletCollision</Filter>
    </ClCompile>
    <ClCompile Include="..\..\external\bulet\BulletCollision\CollisionDispatch\btCompoundCollisionAlgorithm.cpp">
      <Filter>external\bullet\BulletCollision</Filter>
    </ClCompile>
    <ClCompile Include="..\..\external\bulet\BulletCollision\CollisionDispatch\btConvex2dConvex2dAlgorithm.cpp">
      <Filter>external\bullet\BulletCollision</Filter>
    </ClCompile>
    <ClCompile Include="..\..\external\bulet\BulletCollision\CollisionDispatch\btConvexConcaveCollisionAlgorithm.cpp">
      <Filter>external\bullet\BulletCollision</Filter>
    </ClCompile>
    <ClCompile Include="..\..\external\bulet\BulletCollision\CollisionDispatch\btConvexConvexAlgorithm.cpp">
      <Filter>external\bullet\BulletCollision</Filter>
    </ClCompile>
    <ClCompile Include="..\..\external\bulet\BulletCollision\CollisionDispatch\btConvexPlaneCollisionAlgorithm.cpp">
      <Filter>external\bullet\BulletCollision</Filter>
    </ClCompile>
    <ClCompile Include="..\..\external\bulet\BulletCollision\CollisionDispatch\btDefaultCollisionConfiguration.cpp">
      <Filter>external\bullet\BulletCollision</Filter>
    </ClCompile>
    <ClCompile Include="..\..\external\bulet\BulletCollision\CollisionDispatch\btEmptyCollisionAlgorithm.cpp">
      <Filter>external\bullet\BulletCollision</Filter>
    </ClCompile>
    <ClCompile Include="..\..\external\bulet\BulletCollision\CollisionDispatch\btGhostObject.cpp">
      <Filter>external\bullet\BulletCollision</Filter>
    </ClCompile>
    <ClCompile Include="..\..\external\bulet\BulletCollision\CollisionDispatch\btInternalEdgeUtility.cpp">
      <Filter>external\bullet\BulletCollision</Filter>
    </ClCompile>
    <ClCompile Include="..\..\external\bulet\BulletCollision\CollisionDispatch\btManifoldResult.cpp">
      <Filter>external\bullet\BulletCollision</Filter>
    </ClCompile>
    <ClCompile Include="..\..\external\bulet\BulletCollision\CollisionDispatch\btSimulationIslandManager.cpp">
      <Filter>external\bullet\BulletCollision</Filter>
    </ClCompile>
    <ClCompile Include="..\..\external\bulet\BulletCollision\CollisionDispatch\btSphereBoxCollisionAlgorithm.cpp">
      <Filter>external\bullet\BulletCollision</Filter>
    </ClCompile>
    <ClCompile Include="..\..\external\bulet\BulletCollision\CollisionDispatch\btSphereSphereCollisionAlgorithm.cpp">
      <Filter>external\bullet\BulletCollision</Filter>
    </ClCompile>
    <ClCompile Include="..\..\external\bulet\BulletCollision\CollisionDispatch\btSphereTriangleCollisionAlgorithm.cpp">
      <Filter>external\bullet\BulletCollision</Filter>
    </ClCompile>
    <ClCompile Include="..\..\external\bulet\BulletCollision\CollisionDispatch\btUnionFind.cpp">
      <Filter>external\bullet\BulletCollision</Filter>
    </ClCompile>
    <ClCompile Include="..\..\external\bulet\BulletCollision\CollisionDispatch\SphereTriangleDetector.cpp">
      <Filter>external\bullet\BulletCollision</Filter>
    </ClCompile>
    <ClCompile Include="..\..\external\bulet\BulletCollision\CollisionShapes\btBox2dShape.cpp">
      <Filter>external\bullet\BulletCollision</Filter>
    </ClCompile>
    <ClCompile Include="..\..\external\bulet\BulletCollision\CollisionShapes\btBoxShape.cpp">
      <Filter>external\bullet\BulletCollision</Filter>
    </ClCompile>
    <ClCompile Include="..\..\external\bulet\BulletCollision\CollisionShapes\btBvhTriangleMeshShape.cpp">
      <Filter>external\bullet\BulletCollision</Filter>
    </ClCompile>
    <ClCompile Include="..\..\external\bulet\BulletCollision\CollisionShapes\btCapsuleShape.cpp">
      <Filter>external\bullet\BulletCollision</Filter>
    </ClCompile>
    <ClCompile Include="..\..\external\bulet\BulletCollision\CollisionShapes\btCollisionShape.cpp">
      <Filter>external\bullet\BulletCollision</Filter>
    </ClCompile>
    <ClCompile Include="..\..\external\bulet\BulletCollision\CollisionShapes\btCompoundShape.cpp">
      <Filter>external\bullet\BulletCollision</Filter>
    </ClCompile>
    <ClCompile Include="..\..\external\bulet\BulletCollision\CollisionShapes\btConcaveShape.cpp">
      <Filter>external\bullet\BulletCollision</Filter>
    </ClCompile>
    <ClCompile Include="..\..\external\bulet\BulletCollision\CollisionShapes\btConeShape.cpp">
      <Filter>external\bullet\BulletCollision</Filter>
    </ClCompile>
    <ClCompile Include="..\..\external\bulet\BulletCollision\CollisionShapes\btConvex2dShape.cpp">
      <Filter>external\bullet\BulletCollision</Filter>
    </ClCompile>
    <ClCompile Include="..\..\external\bulet\BulletCollision\CollisionShapes\btConvexHullShape.cpp">
      <Filter>external\bullet\BulletCollision</Filter>
    </ClCompile>
    <ClCompile Include="..\..\external\bulet\BulletCollision\CollisionShapes\btConvexInternalShape.cpp">
      <Filter>external\bullet\BulletCollision</Filter>
    </ClCompile>
    <ClCompile Include="..\..\external\bulet\BulletCollision\CollisionShapes\btConvexPointCloudShape.cpp">
      <Filter>external\bullet\BulletCollision</Filter>
    </ClCompile>
    <ClCompile Include="..\..\external\bulet\BulletCollision\CollisionShapes\btConvexPolyhedron.cpp">
      <Filter>external\bullet\BulletCollision</Filter>
    </ClCompile>
    <ClCompile Include="..\..\external\bulet\BulletCollision\CollisionShapes\btConvexShape.cpp">
      <Filter>external\bullet\BulletCollision</Filter>
    </ClCompile>
    <ClCompile Include="..\..\external\bulet\BulletCollision\CollisionShapes\btConvexTriangleMeshShape.cpp">
      <Filter>external\bullet\BulletCollision</Filter>
    </ClCompile>
    <ClCompile Include="..\..\external\bulet\BulletCollision\CollisionShapes\btCylinderShape.cpp">
      <Filter>external\bullet\BulletCollision</Filter>
    </ClCompile>
    <ClCompile Include="..\..\external\bulet\BulletCollision\CollisionShapes\btEmptyShape.cpp">
      <Filter>external\bullet\BulletCollision</Filter>
    </ClCompile>
    <ClCompile Include="..\..\external\bulet\BulletCollision\CollisionShapes\btHeightfieldTerrainShape.cpp">
      <Filter>external\bullet\BulletCollision</Filter>
    </ClCompile>
    <ClCompile Include="..\..\external\bulet\BulletCollision\CollisionShapes\btMinkowskiSumShape.cpp">
      <Filter>external\bullet\BulletCollision</Filter>
    </ClCompile>
    <ClCompile Include="..\..\external\bulet\BulletCollision\CollisionShapes\btMultimaterialTriangleMeshShape.cpp">
      <Filter>external\bullet\BulletCollision</Filter>
    </ClCompile>
    <ClCompile Include="..\..\external\bulet\BulletCollision\CollisionShapes\btMultiSphereShape.cpp">
      <Filter>external\bullet\BulletCollision</Filter>
    </ClCompile>
    <ClCompile Include="..\..\external\bulet\BulletCollision\CollisionShapes\btOptimizedBvh.cpp">
      <Filter>external\bullet\BulletCollision</Filter>
    </ClCompile>
    <ClCompile Include="..\..\external\bulet\BulletCollision\CollisionShapes\btPolyhedralConvexShape.cpp">
      <Filter>external\bullet\BulletCollision</Filter>
    </ClCompile>
    <ClCompile Include="..\..\external\bulet\BulletCollision\CollisionShapes\btScaledBvhTriangleMeshShape.cpp">
      <Filter>external\bullet\BulletCollision</Filter>
    </ClCompile>
    <ClCompile Include="..\..\external\bulet\BulletCollision\CollisionShapes\btShapeHull.cpp">
      <Filter>external\bullet\BulletCollision</Filter>
    </ClCompile>
    <ClCompile Include="..\..\external\bulet\BulletCollision\CollisionShapes\btSphereShape.cpp">
      <Filter>external\bullet\BulletCollision</Filter>
    </ClCompile>
    <ClCompile Include="..\..\external\bulet\BulletCollision\CollisionShapes\btStaticPlaneShape.cpp">
      <Filter>external\bullet\BulletCollision</Filter>
    </ClCompile>
    <ClCompile Include="..\..\external\bulet\BulletCollision\CollisionShapes\btStridingMeshInterface.cpp">
      <Filter>external\bullet\BulletCollision</Filter>
    </ClCompile>
    <ClCompile Include="..\..\external\bulet\BulletCollision\CollisionShapes\btTetrahedronShape.cpp">
      <Filter>external\bullet\BulletCollision</Filter>
    </ClCompile>
    <ClCompile Include="..\..\external\bulet\BulletCollision\CollisionShapes\btTriangleBuffer.cpp">
      <Filter>external\bullet\BulletCollision</Filter>
    </ClCompile>
    <ClCompile Include="..\..\external\bulet\BulletCollision\CollisionShapes\btTriangleCallback.cpp">
      <Filter>external\bullet\BulletCollision</Filter>
    </ClCompile>
    <ClCompile Include="..\..\external\bulet\BulletCollision\CollisionShapes\btTriangleIndexVertexArray.cpp">
      <Filter>external\bullet\BulletCollision</Filter>
    </ClCompile>
    <ClCompile Include="..\..\external\bulet\BulletCollision\CollisionShapes\btTriangleIndexVertexMaterialArray.cpp">
      <Filter>external\bullet\BulletCollision</Filter>
    </ClCompile>
    <ClCompile Include="..\..\external\bulet\BulletCollision\CollisionShapes\btTriangleMesh.cpp">
      <Filter>external\bullet\BulletCollision</Filter>
    </ClCompile>
    <ClCompile Include="..\..\external\bulet\BulletCollision\CollisionShapes\btTriangleMeshShape.cpp">
      <Filter>external\bullet\BulletCollision</Filter>
    </ClCompile>
    <ClCompile Include="..\..\external\bulet\BulletCollision\CollisionShapes\btUniformScalingShape.cpp">
      <Filter>external\bullet\BulletCollision</Filter>
    </ClCompile>
    <ClCompile Include="..\..\external\bulet\BulletCollision\NarrowPhaseCollision\btContinuousConvexCollision.cpp">
      <Filter>external\bullet\BulletCollision\NarrowPhaseCollision</Filter>
    </ClCompile>
    <ClCompile Include="..\..\external\bulet\BulletCollision\NarrowPhaseCollision\btConvexCast.cpp">
      <Filter>external\bullet\BulletCollision\NarrowPhaseCollision</Filter>
    </ClCompile>
    <ClCompile Include="..\..\external\bulet\BulletCollision\NarrowPhaseCollision\btGjkConvexCast.cpp">
      <Filter>external\bullet\BulletCollision\NarrowPhaseCollision</Filter>
    </ClCompile>
    <ClCompile Include="..\..\external\bulet\BulletCollision\NarrowPhaseCollision\btGjkEpa2.cpp">
      <Filter>external\bullet\BulletCollision\NarrowPhaseCollision</Filter>
    </ClCompile>
    <ClCompile Include="..\..\external\bulet\BulletCollision\NarrowPhaseCollision\btGjkEpaPenetrationDepthSolver.cpp">
      <Filter>external\bullet\BulletCollision\NarrowPhaseCollision</Filter>
    </ClCompile>
    <ClCompile Include="..\..\external\bulet\BulletCollision\NarrowPhaseCollision\btGjkPairDetector.cpp">
      <Filter>external\bullet\BulletCollision\NarrowPhaseCollision</Filter>
    </ClCompile>
    <ClCompile Include="..\..\external\bulet\BulletCollision\NarrowPhaseCollision\btMinkowskiPenetrationDepthSolver.cpp">
      <Filter>external\bullet\BulletCollision\NarrowPhaseCollision</Filter>
    </ClCompile>
    <ClCompile Include="..\..\external\bulet\BulletCollision\NarrowPhaseCollision\btPersistentManifold.cpp">
      <Filter>external\bullet\BulletCollision\NarrowPhaseCollision</Filter>
    </ClCompile>
    <ClCompile Include="..\..\external\bulet\BulletCollision\NarrowPhaseCollision\btPolyhedralContactClipping.cpp">
      <Filter>external\bullet\BulletCollision\NarrowPhaseCollision</Filter>
    </ClCompile>
    <ClCompile Include="..\..\external\bulet\BulletCollision\NarrowPhaseCollision\btRaycastCallback.cpp">
      <Filter>external\bullet\BulletCollision\NarrowPhaseCollision</Filter>
    </ClCompile>
    <ClCompile Include="..\..\external\bulet\BulletCollision\NarrowPhaseCollision\btSubSimplexConvexCast.cpp">
      <Filter>external\bullet\BulletCollision\NarrowPhaseCollision</Filter>
    </ClCompile>
    <ClCompile Include="..\..\external\bulet\BulletCollision\NarrowPhaseCollision\btVoronoiSimplexSolver.cpp">
      <Filter>external\bullet\BulletCollision\NarrowPhaseCollision</Filter>
    </ClCompile>
    <ClCompile Include="..\..\engine3d\cpp\ed3_obj_cam_key.cpp">
      <Filter>engine\Source Files</Filter>
    </ClCompile>
    <ClCompile Include="..\..\engine3d\cpp\ed3_object.cpp">
      <Filter>engine\Source Files\object</Filter>
    </ClCompile>
    <ClCompile Include="..\..\engine3d\cpp\ed3_object_lua.cpp">
      <Filter>engine\Source Files\object</Filter>
    </ClCompile>
    <ClCompile Include="..\..\engine3d\cpp\ed3_object_debug.cpp">
      <Filter>engine\Source Files\object</Filter>
    </ClCompile>
  </ItemGroup>
  <ItemGroup>
    <ClInclude Include="..\..\external\lua\lapi.h">
      <Filter>external\lua</Filter>
    </ClInclude>
    <ClInclude Include="..\..\external\lua\lauxlib.h">
      <Filter>external\lua</Filter>
    </ClInclude>
    <ClInclude Include="..\..\external\lua\lcode.h">
      <Filter>external\lua</Filter>
    </ClInclude>
    <ClInclude Include="..\..\external\lua\lctype.h">
      <Filter>external\lua</Filter>
    </ClInclude>
    <ClInclude Include="..\..\external\lua\ldebug.h">
      <Filter>external\lua</Filter>
    </ClInclude>
    <ClInclude Include="..\..\external\lua\ldo.h">
      <Filter>external\lua</Filter>
    </ClInclude>
    <ClInclude Include="..\..\external\lua\lfunc.h">
      <Filter>external\lua</Filter>
    </ClInclude>
    <ClInclude Include="..\..\external\lua\lgc.h">
      <Filter>external\lua</Filter>
    </ClInclude>
    <ClInclude Include="..\..\external\lua\llex.h">
      <Filter>external\lua</Filter>
    </ClInclude>
    <ClInclude Include="..\..\external\lua\llimits.h">
      <Filter>external\lua</Filter>
    </ClInclude>
    <ClInclude Include="..\..\external\lua\lmem.h">
      <Filter>external\lua</Filter>
    </ClInclude>
    <ClInclude Include="..\..\external\lua\lobject.h">
      <Filter>external\lua</Filter>
    </ClInclude>
    <ClInclude Include="..\..\external\lua\lopcodes.h">
      <Filter>external\lua</Filter>
    </ClInclude>
    <ClInclude Include="..\..\external\lua\lparser.h">
      <Filter>external\lua</Filter>
    </ClInclude>
    <ClInclude Include="..\..\external\lua\lstate.h">
      <Filter>external\lua</Filter>
    </ClInclude>
    <ClInclude Include="..\..\external\lua\lstring.h">
      <Filter>external\lua</Filter>
    </ClInclude>
    <ClInclude Include="..\..\external\lua\ltable.h">
      <Filter>external\lua</Filter>
    </ClInclude>
    <ClInclude Include="..\..\external\lua\ltm.h">
      <Filter>external\lua</Filter>
    </ClInclude>
    <ClInclude Include="..\..\external\lua\lua.h">
      <Filter>external\lua</Filter>
    </ClInclude>
    <ClInclude Include="..\..\external\lua\lua.hpp">
      <Filter>external\lua</Filter>
    </ClInclude>
    <ClInclude Include="..\..\external\lua\luaconf.h">
      <Filter>external\lua</Filter>
    </ClInclude>
    <ClInclude Include="..\..\external\lua\lualib.h">
      <Filter>external\lua</Filter>
    </ClInclude>
    <ClInclude Include="..\..\external\lua\lundump.h">
      <Filter>external\lua</Filter>
    </ClInclude>
    <ClInclude Include="..\..\external\lua\lvm.h">
      <Filter>external\lua</Filter>
    </ClInclude>
    <ClInclude Include="..\..\external\lua\lzio.h">
      <Filter>external\lua</Filter>
    </ClInclude>
    <ClInclude Include="..\..\engine3d\include\ed3.h">
      <Filter>engine\Header Files</Filter>
    </ClInclude>
    <ClInclude Include="..\..\engine3d\include\ed3_conf.h">
      <Filter>engine\Header Files</Filter>
    </ClInclude>
    <ClInclude Include="..\..\engine3d\include\ed3_cont_object.h">
      <Filter>engine\Header Files</Filter>
    </ClInclude>
    <ClInclude Include="..\..\engine3d\include\ed3_edata.h">
      <Filter>engine\Header Files</Filter>
    </ClInclude>
    <ClInclude Include="..\..\engine3d\include\ed3_engine.h">
      <Filter>engine\Header Files</Filter>
    </ClInclude>
    <ClInclude Include="..\..\engine3d\include\ed3_lua.h">
      <Filter>engine\Header Files</Filter>
    </ClInclude>
    <ClInclude Include="..\..\engine3d\include\ed3_obj_cam_gest.h">
      <Filter>engine\Header Files</Filter>
    </ClInclude>
    <ClInclude Include="..\..\engine3d\include\ed3_obj_class.h">
      <Filter>engine\Header Files</Filter>
    </ClInclude>
    <ClInclude Include="..\..\engine3d\include\ed3_obj_factory.h">
      <Filter>engine\Header Files</Filter>
    </ClInclude>
    <ClInclude Include="..\..\engine3d\include\ed3_obj_fire.h">
      <Filter>engine\Header Files</Filter>
    </ClInclude>
    <ClInclude Include="..\..\engine3d\include\ed3_obj_mesh.h">
      <Filter>engine\Header Files</Filter>
    </ClInclude>
    <ClInclude Include="..\..\engine3d\include\ed3_obj_texture.h">
      <Filter>engine\Header Files</Filter>
    </ClInclude>
    <ClInclude Include="..\..\engine3d\include\ed3_object.h">
      <Filter>engine\Header Files</Filter>
    </ClInclude>
    <ClInclude Include="..\..\engine3d\include\ed3_physics_shape.h">
      <Filter>engine\Header Files</Filter>
    </ClInclude>
    <ClInclude Include="..\..\engine3d\include\ed3_physics_shapes.h">
      <Filter>engine\Header Files</Filter>
    </ClInclude>
    <ClInclude Include="..\..\engine3d\include\ed3_physics_world.h">
      <Filter>engine\Header Files</Filter>
    </ClInclude>
    <ClInclude Include="..\..\engine3d\include\ed3_prerender.h">
      <Filter>engine\Header Files</Filter>
    </ClInclude>
    <ClInclude Include="..\..\engine3d\include\ed3_primitive_lua.h">
      <Filter>engine\Header Files</Filter>
    </ClInclude>
    <ClInclude Include="..\..\engine3d\include\ed3_rdata.h">
      <Filter>engine\Header Files</Filter>
    </ClInclude>
    <ClInclude Include="..\..\engine3d\include\ed3_types.h">
      <Filter>engine\Header Files</Filter>
    </ClInclude>
    <ClInclude Include="..\..\engine3d\include\ed3_world.h">
      <Filter>engine\Header Files</Filter>
    </ClInclude>
    <ClInclude Include="..\..\engine3d\include\ed3afx.h">
      <Filter>engine\Header Files</Filter>
    </ClInclude>
    <ClInclude Include="..\..\engine3d\include\ed3_obj_cam_key.h">
      <Filter>engine\Header Files</Filter>
    </ClInclude>
  </ItemGroup>
</Project>